
Microsoft Visual Studio Solution File, Format Version 12.00
# Visual Studio Version 17
VisualStudioVersion = 17.4.33122.133
MinimumVisualStudioVersion = 10.0.40219.1
Project("{FAE04EC0-301F-11D3-BF4B-00C04F79EFBC}") = "MJ_Rent_Login", "MJ_Rent_Login\MJ_Rent_Login.csproj", "{54A406FB-8F78-455B-AF2F-C9AA4702DECB}"
EndProject
Global
	GlobalSection(SolutionConfigurationPlatforms) = preSolution
		Debug|Any CPU = Debug|Any CPU
		Release|Any CPU = Release|Any CPU
	EndGlobalSection
	GlobalSection(ProjectConfigurationPlatforms) = postSolution
		{54A406FB-8F78-455B-AF2F-C9AA4702DECB}.Debug|Any CPU.ActiveCfg = Debug|Any CPU
		{54A406FB-8F78-455B-AF2F-C9AA4702DECB}.Debug|Any CPU.Build.0 = Debug|Any CPU
		{54A406FB-8F78-455B-AF2F-C9AA4702DECB}.Release|Any CPU.ActiveCfg = Release|Any CPU
		{54A406FB-8F78-455B-AF2F-C9AA4702DECB}.Release|Any CPU.Build.0 = Release|Any CPU
	EndGlobalSection
	GlobalSection(SolutionProperties) = preSolution
		HideSolutionNode = FALSE
	EndGlobalSection
	GlobalSection(ExtensibilityGlobals) = postSolution
		SolutionGuid = {4020D8E2-CDF6-4B79-846E-0BFD64AEC653}
	EndGlobalSection
EndGlobal
